{
  "nodes": {
    "home-manager": {
      "inputs": {
        "nixpkgs": [
          "nixpkgs"
        ]
      },
      "locked": {
        "lastModified": 1754174776,
        "narHash": "sha256-Sp3FRM6xNwNtGzYH/HByjzJYHSQvwsW+lDMMZNF43PQ=",
        "owner": "nix-community",
        "repo": "home-manager",
        "rev": "e6e2f43a62b7dbc8aa8b1adb7101b0d8b9395445",
        "type": "github"
      },
      "original": {
        "owner": "nix-community",
        "repo": "home-manager",
        "type": "github"
      }
    },
    "nixpkgs": {
      "locked": {
        "lastModified": 1753939845,
        "narHash": "sha256-K2ViRJfdVGE8tpJejs8Qpvvejks1+A4GQej/lBk5y7I=",
        "owner": "nixos",
        "repo": "nixpkgs",
        "rev": "94def634a20494ee057c76998843c015909d6311",
        "type": "github"
      },
      "original": {
        "owner": "nixos",
        "ref": "nixos-unstable",
        "repo": "nixpkgs",
        "type": "github"
      }
    },
    "root": {
      "inputs": {
        "home-manager": "home-manager",
        "nixpkgs": "nixpkgs",
        "system-manager": "system-manager"
      }
    },
    "system-manager": {
      "inputs": {
        "nixpkgs": [
          "nixpkgs"
        ]
      },
      "locked": {
        "lastModified": 1754135474,
        "narHash": "sha256-tZ8SXR80gcy8lqa1DD6/CNH9oQ1kOFw/cJihcn5/1M0=",
        "owner": "numtide",
        "repo": "system-manager",
        "rev": "7865b4a207e46afa5c2e264de550730f8e281176",
        "type": "github"
      },
      "original": {
        "owner": "numtide",
        "repo": "system-manager",
        "type": "github"
      }
    }
  },
  "root": "root",
  "version": 7
}
